[{<<"eper">>,
  {git,"https://github.com/massemanet/eper.git",
       {ref,"1742031e12fb9e6eac0ffacfc593d5a7849fc07f"}},
  0},
 {<<"flower">>,
  {git,"https://github.com/travelping/flower.git",
       {ref,"549015e8ef6e26d6b4bd10c5e527894e55218168"}},
  1},
 {<<"gen_netlink">>,
  {git,"git@github.com:mesosphere/gen_netlink.git",
       {ref,"8a49dff293d88097d7cafbc7354a0077b487f6b6"}},
  0},
 {<<"gen_socket">>,
  {git,"git://github.com/travelping/gen_socket",
       {ref,"24bab12cbfe3ea9632d4b23809b5d162bf9c3ae1"}},
  1},
 {<<"goldrush">>,
  {git,"git://github.com/DeadZen/goldrush.git",
       {ref,"212299233c7e7eb63a97be2777e1c05ebaa58dbe"}},
  1},
 {<<"lager">>,
  {git,"git://github.com/basho/lager",
       {ref,"8187757388c9adc915379caaab36a2f2ca26e944"}},
  0}].
